lockfileVersion: '9.0'

settings:
  autoInstallPeers: true
  excludeLinksFromLockfile: false

importers:

  .:
    dependencies:
      '@azure-tools/typespec-autorest':
        specifier: ^0.63.0
        version: 0.63.1(71e52030356cd82b505e3b1efbdbee80)
      '@azure-tools/typespec-azure-core':
        specifier: ^0.63.0
        version: 0.63.1(@typespec/compiler@1.8.0)(@typespec/http@1.8.0(@typespec/compiler@1.8.0)(@typespec/streams@0.77.0(@typespec/compiler@1.8.0)))(@typespec/rest@0.77.0(@typespec/compiler@1.8.0)(@typespec/http@1.8.0(@typespec/compiler@1.8.0)(@typespec/streams@0.77.0(@typespec/compiler@1.8.0))))
      '@azure-tools/typespec-azure-resource-manager':
        specifier: ^0.63.0
        version: 0.63.0(@azure-tools/typespec-azure-core@0.63.1(@typespec/compiler@1.8.0)(@typespec/http@1.8.0(@typespec/compiler@1.8.0)(@typespec/streams@0.77.0(@typespec/compiler@1.8.0)))(@typespec/rest@0.77.0(@typespec/compiler@1.8.0)(@typespec/http@1.8.0(@typespec/compiler@1.8.0)(@typespec/streams@0.77.0(@typespec/compiler@1.8.0)))))(@typespec/compiler@1.8.0)(@typespec/http@1.8.0(@typespec/compiler@1.8.0)(@typespec/streams@0.77.0(@typespec/compiler@1.8.0)))(@typespec/openapi@1.8.0(@typespec/compiler@1.8.0)(@typespec/http@1.8.0(@typespec/compiler@1.8.0)(@typespec/streams@0.77.0(@typespec/compiler@1.8.0))))(@typespec/rest@0.77.0(@typespec/compiler@1.8.0)(@typespec/http@1.8.0(@typespec/compiler@1.8.0)(@typespec/streams@0.77.0(@typespec/compiler@1.8.0))))(@typespec/versioning@0.77.0(@typespec/compiler@1.8.0))
      '@typespec/compiler':
        specifier: ^1.7.1
        version: 1.8.0
      '@typespec/http':
        specifier: ^1.7.0
        version: 1.8.0(@typespec/compiler@1.8.0)(@typespec/streams@0.77.0(@typespec/compiler@1.8.0))
      '@typespec/openapi':
        specifier: ^1.7.0
        version: 1.8.0(@typespec/compiler@1.8.0)(@typespec/http@1.8.0(@typespec/compiler@1.8.0)(@typespec/streams@0.77.0(@typespec/compiler@1.8.0)))
      '@typespec/rest':
        specifier: ^0.77.0
        version: 0.77.0(@typespec/compiler@1.8.0)(@typespec/http@1.8.0(@typespec/compiler@1.8.0)(@typespec/streams@0.77.0(@typespec/compiler@1.8.0)))
      '@typespec/versioning':
        specifier: ^0.77.0
        version: 0.77.0(@typespec/compiler@1.8.0)

packages:

  '@azure-tools/typespec-autorest@0.63.1':
    resolution: {integrity: sha512-Nem51jk2eURxa5PPEEUjdguxAEwNIyxTi3ac/GOo/B3SgwIa3WAOpwWqQPyGLPD2hHRKa2pm9FsPu6aLPmgeCQ==}
    engines: {node: '>=20.0.0'}
    peerDependencies:
      '@azure-tools/typespec-azure-core': ^0.63.0
      '@azure-tools/typespec-azure-resource-manager': ^0.63.0
      '@azure-tools/typespec-client-generator-core': ^0.63.1
      '@typespec/compiler': ^1.7.0
      '@typespec/http': ^1.7.0
      '@typespec/openapi': ^1.7.0
      '@typespec/rest': ^0.77.0
      '@typespec/versioning': ^0.77.0
      '@typespec/xml': ^0.77.0
    peerDependenciesMeta:
      '@typespec/xml':
        optional: true

  '@azure-tools/typespec-azure-core@0.63.1':
    resolution: {integrity: sha512-r5bJLDNUYAoP3i6topz3P7Y7vFMig92pO/zUuTgo4Q5hTbFoUgKPBBBmamVSwBh5MO4lMSLekZC3QoEYnsVUDg==}
    engines: {node: '>=20.0.0'}
    peerDependencies:
      '@typespec/compiler': ^1.7.0
      '@typespec/http': ^1.7.0
      '@typespec/rest': ^0.77.0

  '@azure-tools/typespec-azure-resource-manager@0.63.0':
    resolution: {integrity: sha512-QXHryXgV9Rh7lBW9hrehjdGVM/W8eBN6wnfRRZtAAyfTc1AkRGDKOMFBtRtfbEkQpur16mgQTd7EyH2tpqfuSw==}
    engines: {node: '>=20.0.0'}
    peerDependencies:
      '@azure-tools/typespec-azure-core': ^0.63.0
      '@typespec/compiler': ^1.7.0
      '@typespec/http': ^1.7.0
      '@typespec/openapi': ^1.7.0
      '@typespec/rest': ^0.77.0
      '@typespec/versioning': ^0.77.0

  '@azure-tools/typespec-client-generator-core@0.63.4':
    resolution: {integrity: sha512-gAzvzL1ryCPWCrwyDyaZRvkE2Er4/MGeP0fslH7i8/1AcXAlDUpPMZ40oYnls1rDwM5sOO7/6XNDDCT4/elhYA==}
    engines: {node: '>=20.0.0'}
    peerDependencies:
      '@azure-tools/typespec-azure-core': ^0.63.1
      '@typespec/compiler': ^1.7.0
      '@typespec/events': ^0.77.0
      '@typespec/http': ^1.7.0
      '@typespec/openapi': ^1.7.0
      '@typespec/rest': ^0.77.0
      '@typespec/sse': ^0.77.0
      '@typespec/streams': ^0.77.0
      '@typespec/versioning': ^0.77.0
      '@typespec/xml': ^0.77.0

  '@babel/code-frame@7.27.1':
    resolution: {integrity: sha512-cjQ7ZlQ0Mv3b47hABuTevyTuYN4i+loJKGeV9flcCgIK37cCXRh+L1bd3iBHlynerhQ7BhCkn2BPbQUL+rGqFg==}
    engines: {node: '>=6.9.0'}

  '@babel/helper-validator-identifier@7.28.5':
    resolution: {integrity: sha512-qSs4ifwzKJSV39ucNjsvc6WVHs6b7S03sOh2OcHF9UHfVPqWWALUsNUVzhSBiItjRZoLHx7nIarVjqKVusUZ1Q==}
    engines: {node: '>=6.9.0'}

  '@inquirer/ansi@2.0.3':
    resolution: {integrity: sha512-g44zhR3NIKVs0zUesa4iMzExmZpLUdTLRMCStqX3GE5NT6VkPcxQGJ+uC8tDgBUC/vB1rUhUd55cOf++4NZcmw==}
    engines: {node: '>=23.5.0 || ^22.13.0 || ^21.7.0 || ^20.12.0'}

  '@inquirer/checkbox@5.0.4':
    resolution: {integrity: sha512-DrAMU3YBGMUAp6ArwTIp/25CNDtDbxk7UjIrrtM25JVVrlVYlVzHh5HR1BDFu9JMyUoZ4ZanzeaHqNDttf3gVg==}
    engines: {node: '>=23.5.0 || ^22.13.0 || ^21.7.0 || ^20.12.0'}
    peerDependencies:
      '@types/node': '>=18'
    peerDependenciesMeta:
      '@types/node':
        optional: true

  '@inquirer/confirm@6.0.4':
    resolution: {integrity: sha512-WdaPe7foUnoGYvXzH4jp4wH/3l+dBhZ3uwhKjXjwdrq5tEIFaANxj6zrGHxLdsIA0yKM0kFPVcEalOZXBB5ISA==}
    engines: {node: '>=23.5.0 || ^22.13.0 || ^21.7.0 || ^20.12.0'}
    peerDependencies:
      '@types/node': '>=18'
    peerDependenciesMeta:
      '@types/node':
        optional: true

  '@inquirer/core@11.1.1':
    resolution: {integrity: sha512-hV9o15UxX46OyQAtaoMqAOxGR8RVl1aZtDx1jHbCtSJy1tBdTfKxLPKf7utsE4cRy4tcmCQ4+vdV+ca+oNxqNA==}
    engines: {node: '>=23.5.0 || ^22.13.0 || ^21.7.0 || ^20.12.0'}
    peerDependencies:
      '@types/node': '>=18'
    peerDependenciesMeta:
      '@types/node':
        optional: true

  '@inquirer/editor@5.0.4':
    resolution: {integrity: sha512-QI3Jfqcv6UO2/VJaEFONH8Im1ll++Xn/AJTBn9Xf+qx2M+H8KZAdQ5sAe2vtYlo+mLW+d7JaMJB4qWtK4BG3pw==}
    engines: {node: '>=23.5.0 || ^22.13.0 || ^21.7.0 || ^20.12.0'}
    peerDependencies:
      '@types/node': '>=18'
    peerDependenciesMeta:
      '@types/node':
        optional: true

  '@inquirer/expand@5.0.4':
    resolution: {integrity: sha512-0I/16YwPPP0Co7a5MsomlZLpch48NzYfToyqYAOWtBmaXSB80RiNQ1J+0xx2eG+Wfxt0nHtpEWSRr6CzNVnOGg==}
    engines: {node: '>=23.5.0 || ^22.13.0 || ^21.7.0 || ^20.12.0'}
    peerDependencies:
      '@types/node': '>=18'
    peerDependenciesMeta:
      '@types/node':
        optional: true

  '@inquirer/external-editor@2.0.3':
    resolution: {integrity: sha512-LgyI7Agbda74/cL5MvA88iDpvdXI2KuMBCGRkbCl2Dg1vzHeOgs+s0SDcXV7b+WZJrv2+ERpWSM65Fpi9VfY3w==}
    engines: {node: '>=23.5.0 || ^22.13.0 || ^21.7.0 || ^20.12.0'}
    peerDependencies:
      '@types/node': '>=18'
    peerDependenciesMeta:
      '@types/node':
        optional: true

  '@inquirer/figures@2.0.3':
    resolution: {integrity: sha512-y09iGt3JKoOCBQ3w4YrSJdokcD8ciSlMIWsD+auPu+OZpfxLuyz+gICAQ6GCBOmJJt4KEQGHuZSVff2jiNOy7g==}
    engines: {node: '>=23.5.0 || ^22.13.0 || ^21.7.0 || ^20.12.0'}

  '@inquirer/input@5.0.4':
    resolution: {integrity: sha512-4B3s3jvTREDFvXWit92Yc6jF1RJMDy2VpSqKtm4We2oVU65YOh2szY5/G14h4fHlyQdpUmazU5MPCFZPRJ0AOw==}
    engines: {node: '>=23.5.0 || ^22.13.0 || ^21.7.0 || ^20.12.0'}
    peerDependencies:
      '@types/node': '>=18'
    peerDependenciesMeta:
      '@types/node':
        optional: true

  '@inquirer/number@4.0.4':
    resolution: {integrity: sha512-CmMp9LF5HwE+G/xWsC333TlCzYYbXMkcADkKzcawh49fg2a1ryLc7JL1NJYYt1lJ+8f4slikNjJM9TEL/AljYQ==}
    engines: {node: '>=23.5.0 || ^22.13.0 || ^21.7.0 || ^20.12.0'}
    peerDependencies:
      '@types/node': '>=18'
    peerDependenciesMeta:
      '@types/node':
        optional: true

  '@inquirer/password@5.0.4':
    resolution: {integrity: sha512-ZCEPyVYvHK4W4p2Gy6sTp9nqsdHQCfiPXIP9LbJVW4yCinnxL/dDDmPaEZVysGrj8vxVReRnpfS2fOeODe9zjg==}
    engines: {node: '>=23.5.0 || ^22.13.0 || ^21.7.0 || ^20.12.0'}
    peerDependencies:
      '@types/node': '>=18'
    peerDependenciesMeta:
      '@types/node':
        optional: true

  '@inquirer/prompts@8.2.0':
    resolution: {integrity: sha512-rqTzOprAj55a27jctS3vhvDDJzYXsr33WXTjODgVOru21NvBo9yIgLIAf7SBdSV0WERVly3dR6TWyp7ZHkvKFA==}
    engines: {node: '>=23.5.0 || ^22.13.0 || ^21.7.0 || ^20.12.0'}
    peerDependencies:
      '@types/node': '>=18'
    peerDependenciesMeta:
      '@types/node':
        optional: true

  '@inquirer/rawlist@5.2.0':
    resolution: {integrity: sha512-CciqGoOUMrFo6HxvOtU5uL8fkjCmzyeB6fG7O1vdVAZVSopUBYECOwevDBlqNLyyYmzpm2Gsn/7nLrpruy9RFg==}
    engines: {node: '>=23.5.0 || ^22.13.0 || ^21.7.0 || ^20.12.0'}
    peerDependencies:
      '@types/node': '>=18'
    peerDependenciesMeta:
      '@types/node':
        optional: true

  '@inquirer/search@4.1.0':
    resolution: {integrity: sha512-EAzemfiP4IFvIuWnrHpgZs9lAhWDA0GM3l9F4t4mTQ22IFtzfrk8xbkMLcAN7gmVML9O/i+Hzu8yOUyAaL6BKA==}
    engines: {node: '>=23.5.0 || ^22.13.0 || ^21.7.0 || ^20.12.0'}
    peerDependencies:
      '@types/node': '>=18'
    peerDependenciesMeta:
      '@types/node':
        optional: true

  '@inquirer/select@5.0.4':
    resolution: {integrity: sha512-s8KoGpPYMEQ6WXc0dT9blX2NtIulMdLOO3LA1UKOiv7KFWzlJ6eLkEYTDBIi+JkyKXyn8t/CD6TinxGjyLt57g==}
    engines: {node: '>=23.5.0 || ^22.13.0 || ^21.7.0 || ^20.12.0'}
    peerDependencies:
      '@types/node': '>=18'
    peerDependenciesMeta:
      '@types/node':
        optional: true

  '@inquirer/type@4.0.3':
    resolution: {integrity: sha512-cKZN7qcXOpj1h+1eTTcGDVLaBIHNMT1Rz9JqJP5MnEJ0JhgVWllx7H/tahUp5YEK1qaByH2Itb8wLG/iScD5kw==}
    engines: {node: '>=23.5.0 || ^22.13.0 || ^21.7.0 || ^20.12.0'}
    peerDependencies:
      '@types/node': '>=18'
    peerDependenciesMeta:
      '@types/node':
        optional: true

  '@isaacs/fs-minipass@4.0.1':
    resolution: {integrity: sha512-wgm9Ehl2jpeqP3zw/7mo3kRHFp5MEDhqAdwy1fTGkHAwnkGOVsgpvQhL8B5n1qlb01jV3n/bI0ZfZp5lWA1k4w==}
    engines: {node: '>=18.0.0'}

  '@nodelib/fs.scandir@2.1.5':
    resolution: {integrity: sha512-vq24Bq3ym5HEQm2NKCr3yXDwjc7vTsEThRDnkp2DK9p1uqLR+DHurm/NOTo0KG7HYHU7eppKZj3MyqYuMBf62g==}
    engines: {node: '>= 8'}

  '@nodelib/fs.stat@2.0.5':
    resolution: {integrity: sha512-RkhPPp2zrqDAQA/2jNhnztcPAlv64XdhIp7a7454A5ovI7Bukxgt7MX7udwAu3zg1DcpPU0rz3VV1SeaqvY4+A==}
    engines: {node: '>= 8'}

  '@nodelib/fs.walk@1.2.8':
    resolution: {integrity: sha512-oGB+UxlgWcgQkgwo8GcEGwemoTFt3FIO9ababBmaGwXIoBKZ+GTy0pP185beGg7Llih/NSHSV2XAs1lnznocSg==}
    engines: {node: '>= 8'}

  '@sindresorhus/merge-streams@4.0.0':
    resolution: {integrity: sha512-tlqY9xq5ukxTUZBmoOp+m61cqwQD5pHJtFY3Mn8CA8ps6yghLH/Hw8UPdqg4OLmFW3IFlcXnQNmo/dh8HzXYIQ==}
    engines: {node: '>=18'}

  '@typespec/compiler@1.8.0':
    resolution: {integrity: sha512-FeLb7Q0z6Bh5dDpqtnU2RlWiIWWWF7rujx2xGMta5dcTuIOZ4jbdyz1hVdxk4iM4qadvaSV4ey/qrSuffNoh3w==}
    engines: {node: '>=20.0.0'}
    hasBin: true

  '@typespec/events@0.77.0':
    resolution: {integrity: sha512-NbOzi7axEt/xGgXaLjcGGV2HjQKNFjbvsQpCeDA6loUghZDK5+5ik/jwMumeUDunoBsAKF78ZxVF5qhQh56dGA==}
    engines: {node: '>=20.0.0'}
    peerDependencies:
      '@typespec/compiler': ^1.7.0

  '@typespec/http@1.8.0':
    resolution: {integrity: sha512-ZKa4RISabwL8cUAmE3BkoNmtCYRjerO0+1Ba6XdDJKG+vJC5EGM2hkDf+ZmYsYZgrX0cvbhPXUKKh28zBV60hw==}
    engines: {node: '>=20.0.0'}
    peerDependencies:
      '@typespec/compiler': ^1.8.0
      '@typespec/streams': ^0.78.0
    peerDependenciesMeta:
      '@typespec/streams':
        optional: true

  '@typespec/openapi@1.8.0':
    resolution: {integrity: sha512-v+RIJpx7vALBSGQmnUWemvXjnrk50HAVqJeg0RbaF3VUnh66Z4itsoNJJmIIc+HmBJng8Ie0V7xv3l02ek6HWA==}
    engines: {node: '>=20.0.0'}
    peerDependencies:
      '@typespec/compiler': ^1.8.0
      '@typespec/http': ^1.8.0

  '@typespec/rest@0.77.0':
    resolution: {integrity: sha512-DEUMD9zYqUVUhKCGktV7Z+sFkzj+bcSpJRhEXxOrJxupWM4I3N4deMop+ulxezxlLxIRUz7ELc+6WucYXgOnAA==}
    engines: {node: '>=20.0.0'}
    peerDependencies:
      '@typespec/compiler': ^1.7.0
      '@typespec/http': ^1.7.0

  '@typespec/sse@0.77.0':
    resolution: {integrity: sha512-rVML/sPNj+MomKXftko/eUNM5OhHlIevoit3Dbtaf1aWS5pcJ5jKX05Prz53VIyeUP7ra5ocmPE/iIEPb8ZbCA==}
    engines: {node: '>=20.0.0'}
    peerDependencies:
      '@typespec/compiler': ^1.7.0
      '@typespec/events': ^0.77.0
      '@typespec/http': ^1.7.0
      '@typespec/streams': ^0.77.0

  '@typespec/streams@0.77.0':
    resolution: {integrity: sha512-qqfJW4n19Jgi5FxQhsEgoIc5zD9o47AAoZxLKUX91z6aB/YWrLSTrrrIAvhNCESXuB89zlJPwlZ/j4YmpxZ/jw==}
    engines: {node: '>=20.0.0'}
    peerDependencies:
      '@typespec/compiler': ^1.7.0

  '@typespec/versioning@0.77.0':
    resolution: {integrity: sha512-eAInPZYPkxpBUS8IKQfNZ5eZsLfkWqEX0d6YM/AfooGYbxcKdHQBfYOWBvRC4NkKEMub4ROaD5GcPLYTyWQIWw==}
    engines: {node: '>=20.0.0'}
    peerDependencies:
      '@typespec/compiler': ^1.7.0

  '@typespec/xml@0.77.0':
    resolution: {integrity: sha512-DNVAOMaRUPGpLEsqf3sn7UAWuAE1rs8Jf1FIAU7DF/sVmzeXs4OBanxSSsVmbcdfPRHPbjPuRnW6e+QS2Sjk3Q==}
    engines: {node: '>=20.0.0'}
    peerDependencies:
      '@typespec/compiler': ^1.7.0

  ajv@8.17.1:
    resolution: {integrity: sha512-B/gBuNg5SiMTrPkC+A2+cW0RszwxYmn6VYxB/inlBStS5nx6xHIt/ehKRhIMhqusl7a8LjQoZnjCs5vhwxOQ1g==}

  ansi-regex@6.2.2:
    resolution: {integrity: sha512-Bq3SmSpyFHaWjPk8If9yc6svM8c56dB5BAtW4Qbw5jHTwwXXcTLoRMkpDJp6VL0XzlWaCHTXrkFURMYmD0sLqg==}
    engines: {node: '>=12'}

  ansi-styles@6.2.3:
    resolution: {integrity: sha512-4Dj6M28JB+oAH8kFkTLUo+a2jwOFkuqb3yucU0CANcRRUbxS0cP0nZYCGjcc3BNXwRIsUVmDGgzawme7zvJHvg==}
    engines: {node: '>=12'}

  braces@3.0.3:
    resolution: {integrity: sha512-yQbXgO/OSZVD2IsiLlro+7Hf6Q18EJrKSEsdoMzKePKXct3gvD8oLcOQdIzGupr5Fj+EDe8gO/lxc1BzfMpxvA==}
    engines: {node: '>=8'}

  change-case@5.4.4:
    resolution: {integrity: sha512-HRQyTk2/YPEkt9TnUPbOpr64Uw3KOicFWPVBb+xiHvd6eBx/qPr9xqfBFDT8P2vWsvvz4jbEkfDe71W3VyNu2w==}

  chardet@2.1.1:
    resolution: {integrity: sha512-PsezH1rqdV9VvyNhxxOW32/d75r01NY7TQCmOqomRo15ZSOKbpTFVsfjghxo6JloQUCGnH4k1LGu0R4yCLlWQQ==}

  chownr@3.0.0:
    resolution: {integrity: sha512-+IxzY9BZOQd/XuYPRmrvEVjF/nqj5kgT4kEq7VofrDoM1MxoRjEWkrCC3EtLi59TVawxTAn+orJwFQcrqEN1+g==}
    engines: {node: '>=18'}

  cli-width@4.1.0:
    resolution: {integrity: sha512-ouuZd4/dm2Sw5Gmqy6bGyNNNe1qt9RpmxveLSO7KcgsTnU7RXfsw+/bukWGo1abgBiMAic068rclZsO4IWmmxQ==}
    engines: {node: '>= 12'}

  cliui@9.0.1:
    resolution: {integrity: sha512-k7ndgKhwoQveBL+/1tqGJYNz097I7WOvwbmmU2AR5+magtbjPWQTS1C5vzGkBC8Ym8UWRzfKUzUUqFLypY4Q+w==}
    engines: {node: '>=20'}

  emoji-regex@10.6.0:
    resolution: {integrity: sha512-toUI84YS5YmxW219erniWD0CIVOo46xGKColeNQRgOzDorgBi1v4D71/OFzgD9GO2UGKIv1C3Sp8DAn0+j5w7A==}

  env-paths@3.0.0:
    resolution: {integrity: sha512-dtJUTepzMW3Lm/NPxRf3wP4642UWhjL2sQxc+ym2YMj1m/H2zDNQOlezafzkHwn6sMstjHTwG6iQQsctDW/b1A==}
    engines: {node: ^12.20.0 || ^14.13.1 || >=16.0.0}

  escalade@3.2.0:
    resolution: {integrity: sha512-WUj2qlxaQtO4g6Pq5c29GTcWGDyd8itL8zTlipgECz3JesAiiOKotd8JU6otB3PACgG6xkJUyVhboMS+bje/jA==}
    engines: {node: '>=6'}

  fast-deep-equal@3.1.3:
    resolution: {integrity: sha512-f3qQ9oQy9j2AhBe/H9VC91wLmKBCCU/gDOnKNAYG5hswO7BLKj09Hc5HYNz9cGI++xlpDCIgDaitVs03ATR84Q==}

  fast-glob@3.3.3:
    resolution: {integrity: sha512-7MptL8U0cqcFdzIzwOTHoilX9x5BrNqye7Z/LuC7kCMRio1EMSyqRK3BEAUD7sXRq4iT4AzTVuZdhgQ2TCvYLg==}
    engines: {node: '>=8.6.0'}

  fast-uri@3.1.0:
    resolution: {integrity: sha512-iPeeDKJSWf4IEOasVVrknXpaBV0IApz/gp7S2bb7Z4Lljbl2MGJRqInZiUrQwV16cpzw/D3S5j5Julj/gT52AA==}

  fastq@1.20.1:
    resolution: {integrity: sha512-GGToxJ/w1x32s/D2EKND7kTil4n8OVk/9mycTc4VDza13lOvpUZTGX3mFSCtV9ksdGBVzvsyAVLM6mHFThxXxw==}

  fill-range@7.1.1:
    resolution: {integrity: sha512-YsGpe3WHLK8ZYi4tWDg2Jy3ebRz2rXowDxnld4bkQB00cc/1Zw9AWnC0i9ztDJitivtQvaI9KaLyKrc+hBW0yg==}
    engines: {node: '>=8'}

  get-caller-file@2.0.5:
    resolution: {integrity: sha512-DyFP3BM/3YHTQOCUL/w0OZHR0lpKeGrxotcHWcqNEdnltqFwXVfhEBQ94eIo34AfQpo0rGki4cyIiftY06h2Fg==}
    engines: {node: 6.* || 8.* || >= 10.*}

  get-east-asian-width@1.4.0:
    resolution: {integrity: sha512-QZjmEOC+IT1uk6Rx0sX22V6uHWVwbdbxf1faPqJ1QhLdGgsRGCZoyaQBm/piRdJy/D2um6hM1UP7ZEeQ4EkP+Q==}
    engines: {node: '>=18'}

  glob-parent@5.1.2:
    resolution: {integrity: sha512-AOIgSQCepiJYwP3ARnGx+5VnTu2HBYdzbGP45eLw1vr3zB3vZLeyed1sC9hnbcOc9/SrMyM5RPQrkGz4aS9Zow==}
    engines: {node: '>= 6'}

  globby@16.0.0:
    resolution: {integrity: sha512-ejy4TJFga99yW6Q0uhM3pFawKWZmtZzZD/v/GwI5+9bCV5Ew+D2pSND6W7fUes5UykqSsJkUfxFVdRh7Q1+P3Q==}
    engines: {node: '>=20'}

  iconv-lite@0.7.2:
    resolution: {integrity: sha512-im9DjEDQ55s9fL4EYzOAv0yMqmMBSZp6G0VvFyTMPKWxiSBHUj9NW/qqLmXUwXrrM7AvqSlTCfvqRb0cM8yYqw==}
    engines: {node: '>=0.10.0'}

  ignore@7.0.5:
    resolution: {integrity: sha512-Hs59xBNfUIunMFgWAbGX5cq6893IbWg4KnrjbYwX3tx0ztorVgTDA6B2sxf8ejHJ4wz8BqGUMYlnzNBer5NvGg==}
    engines: {node: '>= 4'}

  is-extglob@2.1.1:
    resolution: {integrity: sha512-SbKbANkN603Vi4jEZv49LeVJMn4yGwsbzZworEoyEiutsN3nJYdbO36zfhGJ6QEDpOZIFkDtnq5JRxmvl3jsoQ==}
    engines: {node: '>=0.10.0'}

  is-glob@4.0.3:
    resolution: {integrity: sha512-xelSayHH36ZgE7ZWhli7pW34hNbNl8Ojv5KVmkJD4hBdD3th8Tfk9vYasLM+mXWOZhFkgZfxhLSnrwRr4elSSg==}
    engines: {node: '>=0.10.0'}

  is-number@7.0.0:
    resolution: {integrity: sha512-41Cifkg6e8TylSpdtTpeLVMqvSBEVzTttHvERD741+pnZ8ANv0004MRL43QKPDlK9cGvNp6NZWZUBlbGXYxxng==}
    engines: {node: '>=0.12.0'}

  is-path-inside@4.0.0:
    resolution: {integrity: sha512-lJJV/5dYS+RcL8uQdBDW9c9uWFLLBNRyFhnAKXw5tVqLlKZ4RMGZKv+YQ/IA3OhD+RpbJa1LLFM1FQPGyIXvOA==}
    engines: {node: '>=12'}

  is-unicode-supported@2.1.0:
    resolution: {integrity: sha512-mE00Gnza5EEB3Ds0HfMyllZzbBrmLOX3vfWoj9A9PEnTfratQ/BcaJOuMhnkhjXvb2+FkY3VuHqtAGpTPmglFQ==}
    engines: {node: '>=18'}

  js-tokens@4.0.0:
    resolution: {integrity: sha512-RdJUflcE3cUzKiMqQgsCu06FPu9UdIJO0beYbPhHN4k6apgJtifcoCtT9bcxOpYBtpD2kCM6Sbzg4CausW/PKQ==}

  json-schema-traverse@1.0.0:
    resolution: {integrity: sha512-NM8/P9n3XjXhIZn1lLhkFaACTOURQXjWhV4BA/RnOv8xvgqtqpAX9IO4mRQxSx1Rlo4tqzeqb0sOlruaOy3dug==}

  merge2@1.4.1:
    resolution: {integrity: sha512-8q7VEgMJW4J8tcfVPy8g09NcQwZdbwFEqhe/WZkoIzjn/3TGDwtOCYtXGxA3O8tPzpczCCDgv+P2P5y00ZJOOg==}
    engines: {node: '>= 8'}

  micromatch@4.0.8:
    resolution: {integrity: sha512-PXwfBhYu0hBCPw8Dn0E+WDYb7af3dSLVWKi3HGv84IdF4TyFoC0ysxFd0Goxw7nSv4T/PzEJQxsYsEiFCKo2BA==}
    engines: {node: '>=8.6'}

  minipass@7.1.2:
    resolution: {integrity: sha512-qOOzS1cBTWYF4BH8fVePDBOO9iptMnGUEZwNc/cMWnTV2nVLZ7VoNWEPHkYczZA0pdoA7dl6e7FL659nX9S2aw==}
    engines: {node: '>=16 || 14 >=14.17'}

  minizlib@3.1.0:
    resolution: {integrity: sha512-KZxYo1BUkWD2TVFLr0MQoM8vUUigWD3LlD83a/75BqC+4qE0Hb1Vo5v1FgcfaNXvfXzr+5EhQ6ing/CaBijTlw==}
    engines: {node: '>= 18'}

  mustache@4.2.0:
    resolution: {integrity: sha512-71ippSywq5Yb7/tVYyGbkBggbU8H3u5Rz56fH60jGFgr8uHwxs+aSKeqmluIVzM0m0kB7xQjKS6qPfd0b2ZoqQ==}
    hasBin: true

  mute-stream@3.0.0:
    resolution: {integrity: sha512-dkEJPVvun4FryqBmZ5KhDo0K9iDXAwn08tMLDinNdRBNPcYEDiWYysLcc6k3mjTMlbP9KyylvRpd4wFtwrT9rw==}
    engines: {node: ^20.17.0 || >=22.9.0}

  picocolors@1.1.1:
    resolution: {integrity: sha512-xceH2snhtb5M9liqDsmEw56le376mTZkEX/jEb/RxNFyegNul7eNslCXP9FDj/Lcu0X8KEyMceP2ntpaHrDEVA==}

  picomatch@2.3.1:
    resolution: {integrity: sha512-JU3teHTNjmE2VCGFzuY8EXzCDVwEqB2a8fsIvwaStHhAWJEeVd1o1QD80CU6+ZdEXXSLbSsuLwJjkCBWqRQUVA==}
    engines: {node: '>=8.6'}

  pluralize@8.0.0:
    resolution: {integrity: sha512-Nc3IT5yHzflTfbjgqWcCPpo7DaKy4FnpB0l/zCAW0Tc7jxAiuqSxHasntB3D7887LSrA93kDJ9IXovxJYxyLCA==}
    engines: {node: '>=4'}

  prettier@3.7.4:
    resolution: {integrity: sha512-v6UNi1+3hSlVvv8fSaoUbggEM5VErKmmpGA7Pl3HF8V6uKY7rvClBOJlH6yNwQtfTueNkGVpOv/mtWL9L4bgRA==}
    engines: {node: '>=14'}
    hasBin: true

  queue-microtask@1.2.3:
    resolution: {integrity: sha512-NuaNSa6flKT5JaSYQzJok04JzTL1CA6aGhv5rfLW3PgqA+M2ChpZQnAC8h8i4ZFkBS8X5RqkDBHA7r4hej3K9A==}

  require-from-string@2.0.2:
    resolution: {integrity: sha512-Xf0nWe6RseziFMu+Ap9biiUbmplq6S9/p+7w7YXP/JBHhrUDDUhwa+vANyubuqfZWTveU//DYVGsDG7RKL/vEw==}
    engines: {node: '>=0.10.0'}

  reusify@1.1.0:
    resolution: {integrity: sha512-g6QUff04oZpHs0eG5p83rFLhHeV00ug/Yf9nZM6fLeUrPguBTkTQOdpAWWspMh55TZfVQDPaN3NQJfbVRAxdIw==}
    engines: {iojs: '>=1.0.0', node: '>=0.10.0'}

  run-parallel@1.2.0:
    resolution: {integrity: sha512-5l4VyZR86LZ/lDxZTR6jqL8AFE2S0IFLMP26AbjsLVADxHdhB/c0GUsH+y39UfCi3dzz8OlQuPmnaJOMoDHQBA==}

  safer-buffer@2.1.2:
    resolution: {integrity: sha512-YZo3K82SD7Riyi0E1EQPojLz7kpepnSQI9IyPbHHg1XXXevb5dJI7tpyN2ADxGcQbHG7vcyRHk0cbwqcQriUtg==}

  semver@7.7.3:
    resolution: {integrity: sha512-SdsKMrI9TdgjdweUSR9MweHA4EJ8YxHn8DFaDisvhVlUOe4BF1tLD7GAj0lIqWVl+dPb/rExr0Btby5loQm20Q==}
    engines: {node: '>=10'}
    hasBin: true

  signal-exit@4.1.0:
    resolution: {integrity: sha512-bzyZ1e88w9O1iNJbKnOlvYTrWPDl46O1bG0D3XInv+9tkPrxrN8jUUTiFlDkkmKWgn1M6CfIA13SuGqOa9Korw==}
    engines: {node: '>=14'}

  slash@5.1.0:
    resolution: {integrity: sha512-ZA6oR3T/pEyuqwMgAKT0/hAv8oAXckzbkmR0UkUosQ+Mc4RxGoJkRmwHgHufaenlyAgE1Mxgpdcrf75y6XcnDg==}
    engines: {node: '>=14.16'}

  string-width@7.2.0:
    resolution: {integrity: sha512-tsaTIkKW9b4N+AEj+SVA+WhJzV7/zMhcSu78mLKWSk7cXMOSHsBKFWUs0fWwq8QyK3MgJBQRX6Gbi4kYbdvGkQ==}
    engines: {node: '>=18'}

  strip-ansi@7.1.2:
    resolution: {integrity: sha512-gmBGslpoQJtgnMAvOVqGZpEz9dyoKTCzy2nfz/n8aIFhN/jCE/rCmcxabB6jOOHV+0WNnylOxaxBQPSvcWklhA==}
    engines: {node: '>=12'}

  tar@7.5.7:
    resolution: {integrity: sha512-fov56fJiRuThVFXD6o6/Q354S7pnWMJIVlDBYijsTNx6jKSE4pvrDTs6lUnmGvNyfJwFQQwWy3owKz1ucIhveQ==}
    engines: {node: '>=18'}

  temporal-polyfill@0.3.0:
    resolution: {integrity: sha512-qNsTkX9K8hi+FHDfHmf22e/OGuXmfBm9RqNismxBrnSmZVJKegQ+HYYXT+R7Ha8F/YSm2Y34vmzD4cxMu2u95g==}

  temporal-spec@0.3.0:
    resolution: {integrity: sha512-n+noVpIqz4hYgFSMOSiINNOUOMFtV5cZQNCmmszA6GiVFVRt3G7AqVyhXjhCSmowvQn+NsGn+jMDMKJYHd3bSQ==}

  to-regex-range@5.0.1:
    resolution: {integrity: sha512-65P7iz6X5yEr1cwcgvQxbbIw7Uk3gOy5dIdtZ4rDveLqhrdJP+Li/Hx6tyK0NEb+2GCyneCMJiGqrADCSNk8sQ==}
    engines: {node: '>=8.0'}

  unicorn-magic@0.4.0:
    resolution: {integrity: sha512-wH590V9VNgYH9g3lH9wWjTrUoKsjLF6sGLjhR4sH1LWpLmCOH0Zf7PukhDA8BiS7KHe4oPNkcTHqYkj7SOGUOw==}
    engines: {node: '>=20'}

  vscode-jsonrpc@8.2.0:
    resolution: {integrity: sha512-C+r0eKJUIfiDIfwJhria30+TYWPtuHJXHtI7J0YlOmKAo7ogxP20T0zxB7HZQIFhIyvoBPwWskjxrvAtfjyZfA==}
    engines: {node: '>=14.0.0'}

  vscode-languageserver-protocol@3.17.5:
    resolution: {integrity: sha512-mb1bvRJN8SVznADSGWM9u/b07H7Ecg0I3OgXDuLdn307rl/J3A9YD6/eYOssqhecL27hK1IPZAsaqh00i/Jljg==}

  vscode-languageserver-textdocument@1.0.12:
    resolution: {integrity: sha512-cxWNPesCnQCcMPeenjKKsOCKQZ/L6Tv19DTRIGuLWe32lyzWhihGVJ/rcckZXJxfdKCFvRLS3fpBIsV/ZGX4zA==}

  vscode-languageserver-types@3.17.5:
    resolution: {integrity: sha512-Ld1VelNuX9pdF39h2Hgaeb5hEZM2Z3jUrrMgWQAu82jMtZp7p3vJT3BzToKtZI7NgQssZje5o0zryOrhQvzQAg==}

  vscode-languageserver@9.0.1:
    resolution: {integrity: sha512-woByF3PDpkHFUreUa7Hos7+pUWdeWMXRd26+ZX2A8cFx6v/JPTtd4/uN0/jB6XQHYaOlHbio03NTHCqrgG5n7g==}
    hasBin: true

  wrap-ansi@9.0.2:
    resolution: {integrity: sha512-42AtmgqjV+X1VpdOfyTGOYRi0/zsoLqtXQckTmqTeybT+BDIbM/Guxo7x3pE2vtpr1ok6xRqM9OpBe+Jyoqyww==}
    engines: {node: '>=18'}

  y18n@5.0.8:
    resolution: {integrity: sha512-0pfFzegeDWJHJIAmTLRP2DwHjdF5s7jo9tuztdQxAhINCdvS+3nGINqPd00AphqJR/0LhANUS6/+7SCb98YOfA==}
    engines: {node: '>=10'}

  yallist@5.0.0:
    resolution: {integrity: sha512-YgvUTfwqyc7UXVMrB+SImsVYSmTS8X/tSrtdNZMImM+n7+QTriRXyXim0mBrTXNeqzVF0KWGgHPeiyViFFrNDw==}
    engines: {node: '>=18'}

  yaml@2.8.2:
    resolution: {integrity: sha512-mplynKqc1C2hTVYxd0PU2xQAc22TI1vShAYGksCCfxbn/dFwnHTNi1bvYsBTkhdUNtGIf5xNOg938rrSSYvS9A==}
    engines: {node: '>= 14.6'}
    hasBin: true

  yargs-parser@22.0.0:
    resolution: {integrity: sha512-rwu/ClNdSMpkSrUb+d6BRsSkLUq1fmfsY6TOpYzTwvwkg1/NRG85KBy3kq++A8LKQwX6lsu+aWad+2khvuXrqw==}
    engines: {node: ^20.19.0 || ^22.12.0 || >=23}

  yargs@18.0.0:
    resolution: {integrity: sha512-4UEqdc2RYGHZc7Doyqkrqiln3p9X2DZVxaGbwhn2pi7MrRagKaOcIKe8L3OxYcbhXLgLFUS3zAYuQjKBQgmuNg==}
    engines: {node: ^20.19.0 || ^22.12.0 || >=23}

snapshots:

  '@azure-tools/typespec-autorest@0.63.1(71e52030356cd82b505e3b1efbdbee80)':
    dependencies:
      '@azure-tools/typespec-azure-core': 0.63.1(@typespec/compiler@1.8.0)(@typespec/http@1.8.0(@typespec/compiler@1.8.0)(@typespec/streams@0.77.0(@typespec/compiler@1.8.0)))(@typespec/rest@0.77.0(@typespec/compiler@1.8.0)(@typespec/http@1.8.0(@typespec/compiler@1.8.0)(@typespec/streams@0.77.0(@typespec/compiler@1.8.0))))
      '@azure-tools/typespec-azure-resource-manager': 0.63.0(@azure-tools/typespec-azure-core@0.63.1(@typespec/compiler@1.8.0)(@typespec/http@1.8.0(@typespec/compiler@1.8.0)(@typespec/streams@0.77.0(@typespec/compiler@1.8.0)))(@typespec/rest@0.77.0(@typespec/compiler@1.8.0)(@typespec/http@1.8.0(@typespec/compiler@1.8.0)(@typespec/streams@0.77.0(@typespec/compiler@1.8.0)))))(@typespec/compiler@1.8.0)(@typespec/http@1.8.0(@typespec/compiler@1.8.0)(@typespec/streams@0.77.0(@typespec/compiler@1.8.0)))(@typespec/openapi@1.8.0(@typespec/compiler@1.8.0)(@typespec/http@1.8.0(@typespec/compiler@1.8.0)(@typespec/streams@0.77.0(@typespec/compiler@1.8.0))))(@typespec/rest@0.77.0(@typespec/compiler@1.8.0)(@typespec/http@1.8.0(@typespec/compiler@1.8.0)(@typespec/streams@0.77.0(@typespec/compiler@1.8.0))))(@typespec/versioning@0.77.0(@typespec/compiler@1.8.0))
      '@azure-tools/typespec-client-generator-core': 0.63.4(ab4b8172b202b74b64ea8722720941f9)
      '@typespec/compiler': 1.8.0
      '@typespec/http': 1.8.0(@typespec/compiler@1.8.0)(@typespec/streams@0.77.0(@typespec/compiler@1.8.0))
      '@typespec/openapi': 1.8.0(@typespec/compiler@1.8.0)(@typespec/http@1.8.0(@typespec/compiler@1.8.0)(@typespec/streams@0.77.0(@typespec/compiler@1.8.0)))
      '@typespec/rest': 0.77.0(@typespec/compiler@1.8.0)(@typespec/http@1.8.0(@typespec/compiler@1.8.0)(@typespec/streams@0.77.0(@typespec/compiler@1.8.0)))
      '@typespec/versioning': 0.77.0(@typespec/compiler@1.8.0)
    optionalDependencies:
      '@typespec/xml': 0.77.0(@typespec/compiler@1.8.0)

  '@azure-tools/typespec-azure-core@0.63.1(@typespec/compiler@1.8.0)(@typespec/http@1.8.0(@typespec/compiler@1.8.0)(@typespec/streams@0.77.0(@typespec/compiler@1.8.0)))(@typespec/rest@0.77.0(@typespec/compiler@1.8.0)(@typespec/http@1.8.0(@typespec/compiler@1.8.0)(@typespec/streams@0.77.0(@typespec/compiler@1.8.0))))':
    dependencies:
      '@typespec/compiler': 1.8.0
      '@typespec/http': 1.8.0(@typespec/compiler@1.8.0)(@typespec/streams@0.77.0(@typespec/compiler@1.8.0))
      '@typespec/rest': 0.77.0(@typespec/compiler@1.8.0)(@typespec/http@1.8.0(@typespec/compiler@1.8.0)(@typespec/streams@0.77.0(@typespec/compiler@1.8.0)))

  '@azure-tools/typespec-azure-resource-manager@0.63.0(@azure-tools/typespec-azure-core@0.63.1(@typespec/compiler@1.8.0)(@typespec/http@1.8.0(@typespec/compiler@1.8.0)(@typespec/streams@0.77.0(@typespec/compiler@1.8.0)))(@typespec/rest@0.77.0(@typespec/compiler@1.8.0)(@typespec/http@1.8.0(@typespec/compiler@1.8.0)(@typespec/streams@0.77.0(@typespec/compiler@1.8.0)))))(@typespec/compiler@1.8.0)(@typespec/http@1.8.0(@typespec/compiler@1.8.0)(@typespec/streams@0.77.0(@typespec/compiler@1.8.0)))(@typespec/openapi@1.8.0(@typespec/compiler@1.8.0)(@typespec/http@1.8.0(@typespec/compiler@1.8.0)(@typespec/streams@0.77.0(@typespec/compiler@1.8.0))))(@typespec/rest@0.77.0(@typespec/compiler@1.8.0)(@typespec/http@1.8.0(@typespec/compiler@1.8.0)(@typespec/streams@0.77.0(@typespec/compiler@1.8.0))))(@typespec/versioning@0.77.0(@typespec/compiler@1.8.0))':
    dependencies:
      '@azure-tools/typespec-azure-core': 0.63.1(@typespec/compiler@1.8.0)(@typespec/http@1.8.0(@typespec/compiler@1.8.0)(@typespec/streams@0.77.0(@typespec/compiler@1.8.0)))(@typespec/rest@0.77.0(@typespec/compiler@1.8.0)(@typespec/http@1.8.0(@typespec/compiler@1.8.0)(@typespec/streams@0.77.0(@typespec/compiler@1.8.0))))
      '@typespec/compiler': 1.8.0
      '@typespec/http': 1.8.0(@typespec/compiler@1.8.0)(@typespec/streams@0.77.0(@typespec/compiler@1.8.0))
      '@typespec/openapi': 1.8.0(@typespec/compiler@1.8.0)(@typespec/http@1.8.0(@typespec/compiler@1.8.0)(@typespec/streams@0.77.0(@typespec/compiler@1.8.0)))
      '@typespec/rest': 0.77.0(@typespec/compiler@1.8.0)(@typespec/http@1.8.0(@typespec/compiler@1.8.0)(@typespec/streams@0.77.0(@typespec/compiler@1.8.0)))
      '@typespec/versioning': 0.77.0(@typespec/compiler@1.8.0)
      change-case: 5.4.4
      pluralize: 8.0.0

  '@azure-tools/typespec-client-generator-core@0.63.4(ab4b8172b202b74b64ea8722720941f9)':
    dependencies:
      '@azure-tools/typespec-azure-core': 0.63.1(@typespec/compiler@1.8.0)(@typespec/http@1.8.0(@typespec/compiler@1.8.0)(@typespec/streams@0.77.0(@typespec/compiler@1.8.0)))(@typespec/rest@0.77.0(@typespec/compiler@1.8.0)(@typespec/http@1.8.0(@typespec/compiler@1.8.0)(@typespec/streams@0.77.0(@typespec/compiler@1.8.0))))
      '@typespec/compiler': 1.8.0
      '@typespec/events': 0.77.0(@typespec/compiler@1.8.0)
      '@typespec/http': 1.8.0(@typespec/compiler@1.8.0)(@typespec/streams@0.77.0(@typespec/compiler@1.8.0))
      '@typespec/openapi': 1.8.0(@typespec/compiler@1.8.0)(@typespec/http@1.8.0(@typespec/compiler@1.8.0)(@typespec/streams@0.77.0(@typespec/compiler@1.8.0)))
      '@typespec/rest': 0.77.0(@typespec/compiler@1.8.0)(@typespec/http@1.8.0(@typespec/compiler@1.8.0)(@typespec/streams@0.77.0(@typespec/compiler@1.8.0)))
      '@typespec/sse': 0.77.0(@typespec/compiler@1.8.0)(@typespec/events@0.77.0(@typespec/compiler@1.8.0))(@typespec/http@1.8.0(@typespec/compiler@1.8.0)(@typespec/streams@0.77.0(@typespec/compiler@1.8.0)))(@typespec/streams@0.77.0(@typespec/compiler@1.8.0))
      '@typespec/streams': 0.77.0(@typespec/compiler@1.8.0)
      '@typespec/versioning': 0.77.0(@typespec/compiler@1.8.0)
      '@typespec/xml': 0.77.0(@typespec/compiler@1.8.0)
      change-case: 5.4.4
      pluralize: 8.0.0
      yaml: 2.8.2

  '@babel/code-frame@7.27.1':
    dependencies:
      '@babel/helper-validator-identifier': 7.28.5
      js-tokens: 4.0.0
      picocolors: 1.1.1

  '@babel/helper-validator-identifier@7.28.5': {}

  '@inquirer/ansi@2.0.3': {}

  '@inquirer/checkbox@5.0.4':
    dependencies:
      '@inquirer/ansi': 2.0.3
      '@inquirer/core': 11.1.1
      '@inquirer/figures': 2.0.3
      '@inquirer/type': 4.0.3

  '@inquirer/confirm@6.0.4':
    dependencies:
      '@inquirer/core': 11.1.1
      '@inquirer/type': 4.0.3

  '@inquirer/core@11.1.1':
    dependencies:
      '@inquirer/ansi': 2.0.3
      '@inquirer/figures': 2.0.3
      '@inquirer/type': 4.0.3
      cli-width: 4.1.0
      mute-stream: 3.0.0
      signal-exit: 4.1.0
      wrap-ansi: 9.0.2

  '@inquirer/editor@5.0.4':
    dependencies:
      '@inquirer/core': 11.1.1
      '@inquirer/external-editor': 2.0.3
      '@inquirer/type': 4.0.3

  '@inquirer/expand@5.0.4':
    dependencies:
      '@inquirer/core': 11.1.1
      '@inquirer/type': 4.0.3

  '@inquirer/external-editor@2.0.3':
    dependencies:
      chardet: 2.1.1
      iconv-lite: 0.7.2

  '@inquirer/figures@2.0.3': {}

  '@inquirer/input@5.0.4':
    dependencies:
      '@inquirer/core': 11.1.1
      '@inquirer/type': 4.0.3

  '@inquirer/number@4.0.4':
    dependencies:
      '@inquirer/core': 11.1.1
      '@inquirer/type': 4.0.3

  '@inquirer/password@5.0.4':
    dependencies:
      '@inquirer/ansi': 2.0.3
      '@inquirer/core': 11.1.1
      '@inquirer/type': 4.0.3

  '@inquirer/prompts@8.2.0':
    dependencies:
      '@inquirer/checkbox': 5.0.4
      '@inquirer/confirm': 6.0.4
      '@inquirer/editor': 5.0.4
      '@inquirer/expand': 5.0.4
      '@inquirer/input': 5.0.4
      '@inquirer/number': 4.0.4
      '@inquirer/password': 5.0.4
      '@inquirer/rawlist': 5.2.0
      '@inquirer/search': 4.1.0
      '@inquirer/select': 5.0.4

  '@inquirer/rawlist@5.2.0':
    dependencies:
      '@inquirer/core': 11.1.1
      '@inquirer/type': 4.0.3

  '@inquirer/search@4.1.0':
    dependencies:
      '@inquirer/core': 11.1.1
      '@inquirer/figures': 2.0.3
      '@inquirer/type': 4.0.3

  '@inquirer/select@5.0.4':
    dependencies:
      '@inquirer/ansi': 2.0.3
      '@inquirer/core': 11.1.1
      '@inquirer/figures': 2.0.3
      '@inquirer/type': 4.0.3

  '@inquirer/type@4.0.3': {}

  '@isaacs/fs-minipass@4.0.1':
    dependencies:
      minipass: 7.1.2

  '@nodelib/fs.scandir@2.1.5':
    dependencies:
      '@nodelib/fs.stat': 2.0.5
      run-parallel: 1.2.0

  '@nodelib/fs.stat@2.0.5': {}

  '@nodelib/fs.walk@1.2.8':
    dependencies:
      '@nodelib/fs.scandir': 2.1.5
      fastq: 1.20.1

  '@sindresorhus/merge-streams@4.0.0': {}

  '@typespec/compiler@1.8.0':
    dependencies:
      '@babel/code-frame': 7.27.1
      '@inquirer/prompts': 8.2.0
      ajv: 8.17.1
      change-case: 5.4.4
      env-paths: 3.0.0
      globby: 16.0.0
      is-unicode-supported: 2.1.0
      mustache: 4.2.0
      picocolors: 1.1.1
      prettier: 3.7.4
      semver: 7.7.3
      tar: 7.5.7
      temporal-polyfill: 0.3.0
      vscode-languageserver: 9.0.1
      vscode-languageserver-textdocument: 1.0.12
      yaml: 2.8.2
      yargs: 18.0.0
    transitivePeerDependencies:
      - '@types/node'

  '@typespec/events@0.77.0(@typespec/compiler@1.8.0)':
    dependencies:
      '@typespec/compiler': 1.8.0

  '@typespec/http@1.8.0(@typespec/compiler@1.8.0)(@typespec/streams@0.77.0(@typespec/compiler@1.8.0))':
    dependencies:
      '@typespec/compiler': 1.8.0
    optionalDependencies:
      '@typespec/streams': 0.77.0(@typespec/compiler@1.8.0)

  '@typespec/openapi@1.8.0(@typespec/compiler@1.8.0)(@typespec/http@1.8.0(@typespec/compiler@1.8.0)(@typespec/streams@0.77.0(@typespec/compiler@1.8.0)))':
    dependencies:
      '@typespec/compiler': 1.8.0
      '@typespec/http': 1.8.0(@typespec/compiler@1.8.0)(@typespec/streams@0.77.0(@typespec/compiler@1.8.0))

  '@typespec/rest@0.77.0(@typespec/compiler@1.8.0)(@typespec/http@1.8.0(@typespec/compiler@1.8.0)(@typespec/streams@0.77.0(@typespec/compiler@1.8.0)))':
    dependencies:
      '@typespec/compiler': 1.8.0
      '@typespec/http': 1.8.0(@typespec/compiler@1.8.0)(@typespec/streams@0.77.0(@typespec/compiler@1.8.0))

  '@typespec/sse@0.77.0(@typespec/compiler@1.8.0)(@typespec/events@0.77.0(@typespec/compiler@1.8.0))(@typespec/http@1.8.0(@typespec/compiler@1.8.0)(@typespec/streams@0.77.0(@typespec/compiler@1.8.0)))(@typespec/streams@0.77.0(@typespec/compiler@1.8.0))':
    dependencies:
      '@typespec/compiler': 1.8.0
      '@typespec/events': 0.77.0(@typespec/compiler@1.8.0)
      '@typespec/http': 1.8.0(@typespec/compiler@1.8.0)(@typespec/streams@0.77.0(@typespec/compiler@1.8.0))
      '@typespec/streams': 0.77.0(@typespec/compiler@1.8.0)

  '@typespec/streams@0.77.0(@typespec/compiler@1.8.0)':
    dependencies:
      '@typespec/compiler': 1.8.0

  '@typespec/versioning@0.77.0(@typespec/compiler@1.8.0)':
    dependencies:
      '@typespec/compiler': 1.8.0

  '@typespec/xml@0.77.0(@typespec/compiler@1.8.0)':
    dependencies:
      '@typespec/compiler': 1.8.0

  ajv@8.17.1:
    dependencies:
      fast-deep-equal: 3.1.3
      fast-uri: 3.1.0
      json-schema-traverse: 1.0.0
      require-from-string: 2.0.2

  ansi-regex@6.2.2: {}

  ansi-styles@6.2.3: {}

  braces@3.0.3:
    dependencies:
      fill-range: 7.1.1

  change-case@5.4.4: {}

  chardet@2.1.1: {}

  chownr@3.0.0: {}

  cli-width@4.1.0: {}

  cliui@9.0.1:
    dependencies:
      string-width: 7.2.0
      strip-ansi: 7.1.2
      wrap-ansi: 9.0.2

  emoji-regex@10.6.0: {}

  env-paths@3.0.0: {}

  escalade@3.2.0: {}

  fast-deep-equal@3.1.3: {}

  fast-glob@3.3.3:
    dependencies:
      '@nodelib/fs.stat': 2.0.5
      '@nodelib/fs.walk': 1.2.8
      glob-parent: 5.1.2
      merge2: 1.4.1
      micromatch: 4.0.8

  fast-uri@3.1.0: {}

  fastq@1.20.1:
    dependencies:
      reusify: 1.1.0

  fill-range@7.1.1:
    dependencies:
      to-regex-range: 5.0.1

  get-caller-file@2.0.5: {}

  get-east-asian-width@1.4.0: {}

  glob-parent@5.1.2:
    dependencies:
      is-glob: 4.0.3

  globby@16.0.0:
    dependencies:
      '@sindresorhus/merge-streams': 4.0.0
      fast-glob: 3.3.3
      ignore: 7.0.5
      is-path-inside: 4.0.0
      slash: 5.1.0
      unicorn-magic: 0.4.0

  iconv-lite@0.7.2:
    dependencies:
      safer-buffer: 2.1.2

  ignore@7.0.5: {}

  is-extglob@2.1.1: {}

  is-glob@4.0.3:
    dependencies:
      is-extglob: 2.1.1

  is-number@7.0.0: {}

  is-path-inside@4.0.0: {}

  is-unicode-supported@2.1.0: {}

  js-tokens@4.0.0: {}

  json-schema-traverse@1.0.0: {}

  merge2@1.4.1: {}

  micromatch@4.0.8:
    dependencies:
      braces: 3.0.3
      picomatch: 2.3.1

  minipass@7.1.2: {}

  minizlib@3.1.0:
    dependencies:
      minipass: 7.1.2

  mustache@4.2.0: {}

  mute-stream@3.0.0: {}

  picocolors@1.1.1: {}

  picomatch@2.3.1: {}

  pluralize@8.0.0: {}

  prettier@3.7.4: {}

  queue-microtask@1.2.3: {}

  require-from-string@2.0.2: {}

  reusify@1.1.0: {}

  run-parallel@1.2.0:
    dependencies:
      queue-microtask: 1.2.3

  safer-buffer@2.1.2: {}

  semver@7.7.3: {}

  signal-exit@4.1.0: {}

  slash@5.1.0: {}

  string-width@7.2.0:
    dependencies:
      emoji-regex: 10.6.0
      get-east-asian-width: 1.4.0
      strip-ansi: 7.1.2

  strip-ansi@7.1.2:
    dependencies:
      ansi-regex: 6.2.2

  tar@7.5.7:
    dependencies:
      '@isaacs/fs-minipass': 4.0.1
      chownr: 3.0.0
      minipass: 7.1.2
      minizlib: 3.1.0
      yallist: 5.0.0

  temporal-polyfill@0.3.0:
    dependencies:
      temporal-spec: 0.3.0

  temporal-spec@0.3.0: {}

  to-regex-range@5.0.1:
    dependencies:
      is-number: 7.0.0

  unicorn-magic@0.4.0: {}

  vscode-jsonrpc@8.2.0: {}

  vscode-languageserver-protocol@3.17.5:
    dependencies:
      vscode-jsonrpc: 8.2.0
      vscode-languageserver-types: 3.17.5

  vscode-languageserver-textdocument@1.0.12: {}

  vscode-languageserver-types@3.17.5: {}

  vscode-languageserver@9.0.1:
    dependencies:
      vscode-languageserver-protocol: 3.17.5

  wrap-ansi@9.0.2:
    dependencies:
      ansi-styles: 6.2.3
      string-width: 7.2.0
      strip-ansi: 7.1.2

  y18n@5.0.8: {}

  yallist@5.0.0: {}

  yaml@2.8.2: {}

  yargs-parser@22.0.0: {}

  yargs@18.0.0:
    dependencies:
      cliui: 9.0.1
      escalade: 3.2.0
      get-caller-file: 2.0.5
      string-width: 7.2.0
      y18n: 5.0.8
      yargs-parser: 22.0.0
